
Microsoft Visual Studio Solution File, Format Version 12.00
# Visual Studio 15
VisualStudioVersion = 15.0.26730.16
MinimumVisualStudioVersion = 10.0.40219.1
Project("{FAE04EC0-301F-11D3-BF4B-00C04F79EFBC}") = "MyGameOfLife", "MyGameOfLife\MyGameOfLife.csproj", "{8BB3B5D7-8242-492C-87E8-14D1CCACF70B}"
EndProject
Global
	GlobalSection(SolutionConfigurationPlatforms) = preSolution
		Debug|Any CPU = Debug|Any CPU
		Release|Any CPU = Release|Any CPU
	EndGlobalSection
	GlobalSection(ProjectConfigurationPlatforms) = postSolution
		{8BB3B5D7-8242-492C-87E8-14D1CCACF70B}.Debug|Any CPU.ActiveCfg = Debug|Any CPU
		{8BB3B5D7-8242-492C-87E8-14D1CCACF70B}.Debug|Any CPU.Build.0 = Debug|Any CPU
		{8BB3B5D7-8242-492C-87E8-14D1CCACF70B}.Release|Any CPU.ActiveCfg = Release|Any CPU
		{8BB3B5D7-8242-492C-87E8-14D1CCACF70B}.Release|Any CPU.Build.0 = Release|Any CPU
	EndGlobalSection
	GlobalSection(SolutionProperties) = preSolution
		HideSolutionNode = FALSE
	EndGlobalSection
	GlobalSection(ExtensibilityGlobals) = postSolution
		SolutionGuid = {26132E0E-B138-416A-81A8-82CECC972B59}
	EndGlobalSection
EndGlobal
